
Microsoft Visual Studio Solution File, Format Version 12.00
# Visual Studio Version 17
VisualStudioVersion = 17.4.33213.308
MinimumVisualStudioVersion = 10.0.40219.1
Project("{FAE04EC0-301F-11D3-BF4B-00C04F79EFBC}") = "testeSmark.WebApi", "testeSmark.WebApi.csproj", "{F1718082-4870-4734-89D3-BD99D10E3BB0}"
EndProject
Project("{FAE04EC0-301F-11D3-BF4B-00C04F79EFBC}") = "testeSmark.Tests", "..\testeSmark.Tests\testeSmark.Tests.csproj", "{9F73CC6F-C899-4A3F-8561-D63771E4E6E6}"
EndProject
Global
	GlobalSection(SolutionConfigurationPlatforms) = preSolution
		Debug|Any CPU = Debug|Any CPU
		Release|Any CPU = Release|Any CPU
	EndGlobalSection
	GlobalSection(ProjectConfigurationPlatforms) = postSolution
		{F1718082-4870-4734-89D3-BD99D10E3BB0}.Debug|Any CPU.ActiveCfg = Debug|Any CPU
		{F1718082-4870-4734-89D3-BD99D10E3BB0}.Debug|Any CPU.Build.0 = Debug|Any CPU
		{F1718082-4870-4734-89D3-BD99D10E3BB0}.Release|Any CPU.ActiveCfg = Release|Any CPU
		{F1718082-4870-4734-89D3-BD99D10E3BB0}.Release|Any CPU.Build.0 = Release|Any CPU
		{9F73CC6F-C899-4A3F-8561-D63771E4E6E6}.Debug|Any CPU.ActiveCfg = Debug|Any CPU
		{9F73CC6F-C899-4A3F-8561-D63771E4E6E6}.Debug|Any CPU.Build.0 = Debug|Any CPU
		{9F73CC6F-C899-4A3F-8561-D63771E4E6E6}.Release|Any CPU.ActiveCfg = Release|Any CPU
		{9F73CC6F-C899-4A3F-8561-D63771E4E6E6}.Release|Any CPU.Build.0 = Release|Any CPU
	EndGlobalSection
	GlobalSection(SolutionProperties) = preSolution
		HideSolutionNode = FALSE
	EndGlobalSection
	GlobalSection(ExtensibilityGlobals) = postSolution
		SolutionGuid = {489C7B36-D756-4631-83AA-1D245B4B57E8}
	EndGlobalSection
EndGlobal
